
Microsoft Visual Studio Solution File, Format Version 12.00
# Visual Studio Version 16
VisualStudioVersion = 16.0.32126.315
MinimumVisualStudioVersion = 10.0.40219.1
Project("{FAE04EC0-301F-11D3-BF4B-00C04F79EFBC}") = "P2_2019AM606_2019LD601", "P2_2019AM606_2019LD601\P2_2019AM606_2019LD601.csproj", "{E45C9167-665D-4DB2-9E33-C42B9B47C595}"
EndProject
Global
	GlobalSection(SolutionConfigurationPlatforms) = preSolution
		Debug|Any CPU = Debug|Any CPU
		Release|Any CPU = Release|Any CPU
	EndGlobalSection
	GlobalSection(ProjectConfigurationPlatforms) = postSolution
		{E45C9167-665D-4DB2-9E33-C42B9B47C595}.Debug|Any CPU.ActiveCfg = Debug|Any CPU
		{E45C9167-665D-4DB2-9E33-C42B9B47C595}.Debug|Any CPU.Build.0 = Debug|Any CPU
		{E45C9167-665D-4DB2-9E33-C42B9B47C595}.Release|Any CPU.ActiveCfg = Release|Any CPU
		{E45C9167-665D-4DB2-9E33-C42B9B47C595}.Release|Any CPU.Build.0 = Release|Any CPU
	EndGlobalSection
	GlobalSection(SolutionProperties) = preSolution
		HideSolutionNode = FALSE
	EndGlobalSection
	GlobalSection(ExtensibilityGlobals) = postSolution
		SolutionGuid = {6D24BC4F-6560-4097-9B3A-144981202FD6}
	EndGlobalSection
EndGlobal
